
Microsoft Visual Studio Solution File, Format Version 12.00
# Visual Studio Version 17
VisualStudioVersion = 17.5.33627.172
MinimumVisualStudioVersion = 10.0.40219.1
Project("{FAE04EC0-301F-11D3-BF4B-00C04F79EFBC}") = "MiTe", "MiTe.csproj", "{3B0582DF-767C-4CB6-9D09-441A8622FB8D}"
EndProject
Global
	GlobalSection(SolutionConfigurationPlatforms) = preSolution
		Debug|Any CPU = Debug|Any CPU
		Release|Any CPU = Release|Any CPU
	EndGlobalSection
	GlobalSection(ProjectConfigurationPlatforms) = postSolution
		{3B0582DF-767C-4CB6-9D09-441A8622FB8D}.Debug|Any CPU.ActiveCfg = Debug|Any CPU
		{3B0582DF-767C-4CB6-9D09-441A8622FB8D}.Debug|Any CPU.Build.0 = Debug|Any CPU
		{3B0582DF-767C-4CB6-9D09-441A8622FB8D}.Release|Any CPU.ActiveCfg = Release|Any CPU
		{3B0582DF-767C-4CB6-9D09-441A8622FB8D}.Release|Any CPU.Build.0 = Release|Any CPU
	EndGlobalSection
	GlobalSection(SolutionProperties) = preSolution
		HideSolutionNode = FALSE
	EndGlobalSection
	GlobalSection(ExtensibilityGlobals) = postSolution
		SolutionGuid = {BB1AA7DC-1F98-4F1B-B1A4-4EC4109F0D45}
	EndGlobalSection
EndGlobal
